// !$*UTF8*$!
{
	archiveVersion = 1;
	classes = {
	};
	objectVersion = 51;
	objects = {

/* Begin PBXBuildFile section */
		6A92E916DA8F5E9164C7737A /* Pods_GitHub_APITests.framework in Frameworks */ = {isa = PBXBuildFile; fileRef = 340FE44F17A76349B145435F /* Pods_GitHub_APITests.framework */; };
		B4B3DFF6BDCBCDA7AEACDBCA /* Pods_GitHub_API_GitHub_APIUITests.framework in Frameworks */ = {isa = PBXBuildFile; fileRef = AC8752217726DBB667F322FE /* Pods_GitHub_API_GitHub_APIUITests.framework */; };
		BB751CD7A17E4152F41C3832 /* Pods_GitHub_API.framework in Frameworks */ = {isa = PBXBuildFile; fileRef = 0547C44276DCAD4EA20B4740 /* Pods_GitHub_API.framework */; };
		F465B06A23DD31FB004734C2 /* DataManager.swift in Sources */ = {isa = PBXBuildFile; fileRef = F465B06923DD31FB004734C2 /* DataManager.swift */; };
		F4B4932023EDC76D002DC745 /* ListTableViewCell.swift in Sources */ = {isa = PBXBuildFile; fileRef = F4B4931E23EDC76D002DC745 /* ListTableViewCell.swift */; };
		F4B4932123EDC76D002DC745 /* ListTableViewCell.xib in Resources */ = {isa = PBXBuildFile; fileRef = F4B4931F23EDC76D002DC745 /* ListTableViewCell.xib */; };
		F4B4932423EDE903002DC745 /* APIEnvironmentParh.swift in Sources */ = {isa = PBXBuildFile; fileRef = F4B4932323EDE903002DC745 /* APIEnvironmentParh.swift */; };
		F4B4932623EDE94E002DC745 /* EndPointRouter.swift in Sources */ = {isa = PBXBuildFile; fileRef = F4B4932523EDE94E002DC745 /* EndPointRouter.swift */; };
		F4D280B123D1EFAC004AF025 /* AppDelegate.swift in Sources */ = {isa = PBXBuildFile; fileRef = F4D280B023D1EFAC004AF025 /* AppDelegate.swift */; };
		F4D280B323D1EFAC004AF025 /* SceneDelegate.swift in Sources */ = {isa = PBXBuildFile; fileRef = F4D280B223D1EFAC004AF025 /* SceneDelegate.swift */; };
		F4D280B523D1EFAC004AF025 /* ViewController.swift in Sources */ = {isa = PBXBuildFile; fileRef = F4D280B423D1EFAC004AF025 /* ViewController.swift */; };
		F4D280B823D1EFAC004AF025 /* Main.storyboard in Resources */ = {isa = PBXBuildFile; fileRef = F4D280B623D1EFAC004AF025 /* Main.storyboard */; };
		F4D280BA23D1EFAD004AF025 /* Assets.xcassets in Resources */ = {isa = PBXBuildFile; fileRef = F4D280B923D1EFAD004AF025 /* Assets.xcassets */; };
		F4D280BD23D1EFAD004AF025 /* LaunchScreen.storyboard in Resources */ = {isa = PBXBuildFile; fileRef = F4D280BB23D1EFAD004AF025 /* LaunchScreen.storyboard */; };
		F4D280C823D1EFAD004AF025 /* GitHub_APITests.swift in Sources */ = {isa = PBXBuildFile; fileRef = F4D280C723D1EFAD004AF025 /* GitHub_APITests.swift */; };
		F4D280D323D1EFAD004AF025 /* GitHub_APIUITests.swift in Sources */ = {isa = PBXBuildFile; fileRef = F4D280D223D1EFAD004AF025 /* GitHub_APIUITests.swift */; };
		F4D280E423D1F07A004AF025 /* GitHubDataManager.swift in Sources */ = {isa = PBXBuildFile; fileRef = F4D280E323D1F07A004AF025 /* GitHubDataManager.swift */; };
		F4D280E623D1F361004AF025 /* DataModel.swift in Sources */ = {isa = PBXBuildFile; fileRef = F4D280E523D1F361004AF025 /* DataModel.swift */; };
/* End PBXBuildFile section */

/* Begin PBXContainerItemProxy section */
		F4D280C423D1EFAD004AF025 /* PBXContainerItemProxy */ = {
			isa = PBXContainerItemProxy;
			containerPortal = F4D280A523D1EFAC004AF025 /* Project object */;
			proxyType = 1;
			remoteGlobalIDString = F4D280AC23D1EFAC004AF025;
			remoteInfo = "GitHub-API";
		};
		F4D280CF23D1EFAD004AF025 /* PBXContainerItemProxy */ = {
			isa = PBXContainerItemProxy;
			containerPortal = F4D280A523D1EFAC004AF025 /* Project object */;
			proxyType = 1;
			remoteGlobalIDString = F4D280AC23D1EFAC004AF025;
			remoteInfo = "GitHub-API";
		};
/* End PBXContainerItemProxy section */

/* Begin PBXFileReference section */
		0547C44276DCAD4EA20B4740 /* Pods_GitHub_API.framework */ = {isa = PBXFileReference; explicitFileType = wrapper.framework; includeInIndex = 0; path = Pods_GitHub_API.framework; sourceTree = BUILT_PRODUCTS_DIR; };
		071CF09E6DE08C258410A656 /* Pods-GitHub-APITests.debug.xcconfig */ = {isa = PBXFileReference; includeInIndex = 1; lastKnownFileType = text.xcconfig; name = "Pods-GitHub-APITests.debug.xcconfig"; path = "Target Support Files/Pods-GitHub-APITests/Pods-GitHub-APITests.debug.xcconfig"; sourceTree = "<group>"; };
		0A2E16B450B648DDB347D84F /* Pods-GitHub-APITests.release.xcconfig */ = {isa = PBXFileReference; includeInIndex = 1; lastKnownFileType = text.xcconfig; name = "Pods-GitHub-APITests.release.xcconfig"; path = "Target Support Files/Pods-GitHub-APITests/Pods-GitHub-APITests.release.xcconfig"; sourceTree = "<group>"; };
		340FE44F17A76349B145435F /* Pods_GitHub_APITests.framework */ = {isa = PBXFileReference; explicitFileType = wrapper.framework; includeInIndex = 0; path = Pods_GitHub_APITests.framework; sourceTree = BUILT_PRODUCTS_DIR; };
		5B5538276BAF0656C275B101 /* Pods-GitHub-API.release.xcconfig */ = {isa = PBXFileReference; includeInIndex = 1; lastKnownFileType = text.xcconfig; name = "Pods-GitHub-API.release.xcconfig"; path = "Target Support Files/Pods-GitHub-API/Pods-GitHub-API.release.xcconfig"; sourceTree = "<group>"; };
		8BFB2CA50089D83C139A7CB6 /* Pods-GitHub-API.debug.xcconfig */ = {isa = PBXFileReference; includeInIndex = 1; lastKnownFileType = text.xcconfig; name = "Pods-GitHub-API.debug.xcconfig"; path = "Target Support Files/Pods-GitHub-API/Pods-GitHub-API.debug.xcconfig"; sourceTree = "<group>"; };
		998DADF8D76EF0BBEC1E3F32 /* Pods-GitHub-API-GitHub-APIUITests.release.xcconfig */ = {isa = PBXFileReference; includeInIndex = 1; lastKnownFileType = text.xcconfig; name = "Pods-GitHub-API-GitHub-APIUITests.release.xcconfig"; path = "Target Support Files/Pods-GitHub-API-GitHub-APIUITests/Pods-GitHub-API-GitHub-APIUITests.release.xcconfig"; sourceTree = "<group>"; };
		AC8752217726DBB667F322FE /* Pods_GitHub_API_GitHub_APIUITests.framework */ = {isa = PBXFileReference; explicitFileType = wrapper.framework; includeInIndex = 0; path = Pods_GitHub_API_GitHub_APIUITests.framework; sourceTree = BUILT_PRODUCTS_DIR; };
		E0F5F7C72794F2341AED5585 /* Pods-GitHub-API-GitHub-APIUITests.debug.xcconfig */ = {isa = PBXFileReference; includeInIndex = 1; lastKnownFileType = text.xcconfig; name = "Pods-GitHub-API-GitHub-APIUITests.debug.xcconfig"; path = "Target Support Files/Pods-GitHub-API-GitHub-APIUITests/Pods-GitHub-API-GitHub-APIUITests.debug.xcconfig"; sourceTree = "<group>"; };
		F465B06923DD31FB004734C2 /* DataManager.swift */ = {isa = PBXFileReference; lastKnownFileType = sourcecode.swift; path = DataManager.swift; sourceTree = "<group>"; };
		F4B4931E23EDC76D002DC745 /* ListTableViewCell.swift */ = {isa = PBXFileReference; lastKnownFileType = sourcecode.swift; path = ListTableViewCell.swift; sourceTree = "<group>"; };
		F4B4931F23EDC76D002DC745 /* ListTableViewCell.xib */ = {isa = PBXFileReference; lastKnownFileType = file.xib; path = ListTableViewCell.xib; sourceTree = "<group>"; };
		F4B4932323EDE903002DC745 /* APIEnvironmentParh.swift */ = {isa = PBXFileReference; lastKnownFileType = sourcecode.swift; path = APIEnvironmentParh.swift; sourceTree = "<group>"; };
		F4B4932523EDE94E002DC745 /* EndPointRouter.swift */ = {isa = PBXFileReference; lastKnownFileType = sourcecode.swift; path = EndPointRouter.swift; sourceTree = "<group>"; };
		F4D280AD23D1EFAC004AF025 /* GitHub-API.app */ = {isa = PBXFileReference; explicitFileType = wrapper.application; includeInIndex = 0; path = "GitHub-API.app"; sourceTree = BUILT_PRODUCTS_DIR; };
		F4D280B023D1EFAC004AF025 /* AppDelegate.swift */ = {isa = PBXFileReference; lastKnownFileType = sourcecode.swift; path = AppDelegate.swift; sourceTree = "<group>"; };
		F4D280B223D1EFAC004AF025 /* SceneDelegate.swift */ = {isa = PBXFileReference; lastKnownFileType = sourcecode.swift; path = SceneDelegate.swift; sourceTree = "<group>"; };
		F4D280B423D1EFAC004AF025 /* ViewController.swift */ = {isa = PBXFileReference; lastKnownFileType = sourcecode.swift; path = ViewController.swift; sourceTree = "<group>"; };
		F4D280B723D1EFAC004AF025 /* Base */ = {isa = PBXFileReference; lastKnownFileType = file.storyboard; name = Base; path = Base.lproj/Main.storyboard; sourceTree = "<group>"; };
		F4D280B923D1EFAD004AF025 /* Assets.xcassets */ = {isa = PBXFileReference; lastKnownFileType = folder.assetcatalog; path = Assets.xcassets; sourceTree = "<group>"; };
		F4D280BC23D1EFAD004AF025 /* Base */ = {isa = PBXFileReference; lastKnownFileType = file.storyboard; name = Base; path = Base.lproj/LaunchScreen.storyboard; sourceTree = "<group>"; };
		F4D280BE23D1EFAD004AF025 /* Info.plist */ = {isa = PBXFileReference; lastKnownFileType = text.plist.xml; path = Info.plist; sourceTree = "<group>"; };
		F4D280C323D1EFAD004AF025 /* GitHub-APITests.xctest */ = {isa = PBXFileReference; explicitFileType = wrapper.cfbundle; includeInIndex = 0; path = "GitHub-APITests.xctest"; sourceTree = BUILT_PRODUCTS_DIR; };
		F4D280C723D1EFAD004AF025 /* GitHub_APITests.swift */ = {isa = PBXFileReference; lastKnownFileType = sourcecode.swift; path = GitHub_APITests.swift; sourceTree = "<group>"; };
		F4D280C923D1EFAD004AF025 /* Info.plist */ = {isa = PBXFileReference; lastKnownFileType = text.plist.xml; path = Info.plist; sourceTree = "<group>"; };
		F4D280CE23D1EFAD004AF025 /* GitHub-APIUITests.xctest */ = {isa = PBXFileReference; explicitFileType = wrapper.cfbundle; includeInIndex = 0; path = "GitHub-APIUITests.xctest"; sourceTree = BUILT_PRODUCTS_DIR; };
		F4D280D223D1EFAD004AF025 /* GitHub_APIUITests.swift */ = {isa = PBXFileReference; lastKnownFileType = sourcecode.swift; path = GitHub_APIUITests.swift; sourceTree = "<group>"; };
		F4D280D423D1EFAD004AF025 /* Info.plist */ = {isa = PBXFileReference; lastKnownFileType = text.plist.xml; path = Info.plist; sourceTree = "<group>"; };
		F4D280E323D1F07A004AF025 /* GitHubDataManager.swift */ = {isa = PBXFileReference; lastKnownFileType = sourcecode.swift; path = GitHubDataManager.swift; sourceTree = "<group>"; };
		F4D280E523D1F361004AF025 /* DataModel.swift */ = {isa = PBXFileReference; lastKnownFileType = sourcecode.swift; path = DataModel.swift; sourceTree = "<group>"; };
/* End PBXFileReference section */

/* Begin PBXFrameworksBuildPhase section */
		F4D280AA23D1EFAC004AF025 /* Frameworks */ = {
			isa = PBXFrameworksBuildPhase;
			buildActionMask = 2147483647;
			files = (
				BB751CD7A17E4152F41C3832 /* Pods_GitHub_API.framework in Frameworks */,
			);
			runOnlyForDeploymentPostprocessing = 0;
		};
		F4D280C023D1EFAD004AF025 /* Frameworks */ = {
			isa = PBXFrameworksBuildPhase;
			buildActionMask = 2147483647;
			files = (
				6A92E916DA8F5E9164C7737A /* Pods_GitHub_APITests.framework in Frameworks */,
			);
			runOnlyForDeploymentPostprocessing = 0;
		};
		F4D280CB23D1EFAD004AF025 /* Frameworks */ = {
			isa = PBXFrameworksBuildPhase;
			buildActionMask = 2147483647;
			files = (
				B4B3DFF6BDCBCDA7AEACDBCA /* Pods_GitHub_API_GitHub_APIUITests.framework in Frameworks */,
			);
			runOnlyForDeploymentPostprocessing = 0;
		};
/* End PBXFrameworksBuildPhase section */

/* Begin PBXGroup section */
		810F55FB0B0069CA0DA5B46B /* Pods */ = {
			isa = PBXGroup;
			children = (
				8BFB2CA50089D83C139A7CB6 /* Pods-GitHub-API.debug.xcconfig */,
				5B5538276BAF0656C275B101 /* Pods-GitHub-API.release.xcconfig */,
				E0F5F7C72794F2341AED5585 /* Pods-GitHub-API-GitHub-APIUITests.debug.xcconfig */,
				998DADF8D76EF0BBEC1E3F32 /* Pods-GitHub-API-GitHub-APIUITests.release.xcconfig */,
				071CF09E6DE08C258410A656 /* Pods-GitHub-APITests.debug.xcconfig */,
				0A2E16B450B648DDB347D84F /* Pods-GitHub-APITests.release.xcconfig */,
			);
			path = Pods;
			sourceTree = "<group>";
		};
		B5627CCD1139F6A2FD5BC637 /* Frameworks */ = {
			isa = PBXGroup;
			children = (
				0547C44276DCAD4EA20B4740 /* Pods_GitHub_API.framework */,
				AC8752217726DBB667F322FE /* Pods_GitHub_API_GitHub_APIUITests.framework */,
				340FE44F17A76349B145435F /* Pods_GitHub_APITests.framework */,
			);
			name = Frameworks;
			sourceTree = "<group>";
		};
		F44D202F23EDC38500094795 /* ReposList */ = {
			isa = PBXGroup;
			children = (
				F4D280E023D1F02F004AF025 /* Controller */,
				F4D280E123D1F047004AF025 /* View */,
				F4D280E223D1F053004AF025 /* Model */,
			);
			path = ReposList;
			sourceTree = "<group>";
		};
		F44D203023EDC3C400094795 /* Networking */ = {
			isa = PBXGroup;
			children = (
				F465B06923DD31FB004734C2 /* DataManager.swift */,
				F4D280E323D1F07A004AF025 /* GitHubDataManager.swift */,
			);
			path = Networking;
			sourceTree = "<group>";
		};
		F44D203223EDC42100094795 /* Application */ = {
			isa = PBXGroup;
			children = (
				F4D280BB23D1EFAD004AF025 /* LaunchScreen.storyboard */,
				F4D280B223D1EFAC004AF025 /* SceneDelegate.swift */,
				F4D280B023D1EFAC004AF025 /* AppDelegate.swift */,
			);
			path = Application;
			sourceTree = "<group>";
		};
		F44D203323EDC43700094795 /* Configurations */ = {
			isa = PBXGroup;
			children = (
				F4D280BE23D1EFAD004AF025 /* Info.plist */,
			);
			path = Configurations;
			sourceTree = "<group>";
		};
		F44D203423EDC45100094795 /* Assets */ = {
			isa = PBXGroup;
			children = (
				F4D280B923D1EFAD004AF025 /* Assets.xcassets */,
			);
			path = Assets;
			sourceTree = "<group>";
		};
		F44D203523EDC4B200094795 /* Modules */ = {
			isa = PBXGroup;
			children = (
				F4B4932223EDE8D7002DC745 /* Helpers */,
				F44D202F23EDC38500094795 /* ReposList */,
			);
			path = Modules;
			sourceTree = "<group>";
		};
		F4B4932223EDE8D7002DC745 /* Helpers */ = {
			isa = PBXGroup;
			children = (
				F4B4932323EDE903002DC745 /* APIEnvironmentParh.swift */,
				F4B4932523EDE94E002DC745 /* EndPointRouter.swift */,
			);
			path = Helpers;
			sourceTree = "<group>";
		};
		F4D280A423D1EFAC004AF025 = {
			isa = PBXGroup;
			children = (
				F4D280AF23D1EFAC004AF025 /* GitHub-API */,
				F4D280C623D1EFAD004AF025 /* GitHub-APITests */,
				F4D280D123D1EFAD004AF025 /* GitHub-APIUITests */,
				F4D280AE23D1EFAC004AF025 /* Products */,
				810F55FB0B0069CA0DA5B46B /* Pods */,
				B5627CCD1139F6A2FD5BC637 /* Frameworks */,
			);
			sourceTree = "<group>";
		};
		F4D280AE23D1EFAC004AF025 /* Products */ = {
			isa = PBXGroup;
			children = (
				F4D280AD23D1EFAC004AF025 /* GitHub-API.app */,
				F4D280C323D1EFAD004AF025 /* GitHub-APITests.xctest */,
				F4D280CE23D1EFAD004AF025 /* GitHub-APIUITests.xctest */,
			);
			name = Products;
			sourceTree = "<group>";
		};
		F4D280AF23D1EFAC004AF025 /* GitHub-API */ = {
			isa = PBXGroup;
			children = (
				F44D203523EDC4B200094795 /* Modules */,
				F44D203423EDC45100094795 /* Assets */,
				F44D203323EDC43700094795 /* Configurations */,
				F44D203223EDC42100094795 /* Application */,
				F44D203023EDC3C400094795 /* Networking */,
			);
			path = "GitHub-API";
			sourceTree = "<group>";
		};
		F4D280C623D1EFAD004AF025 /* GitHub-APITests */ = {
			isa = PBXGroup;
			children = (
				F4D280C723D1EFAD004AF025 /* GitHub_APITests.swift */,
				F4D280C923D1EFAD004AF025 /* Info.plist */,
			);
			path = "GitHub-APITests";
			sourceTree = "<group>";
		};
		F4D280D123D1EFAD004AF025 /* GitHub-APIUITests */ = {
			isa = PBXGroup;
			children = (
				F4D280D223D1EFAD004AF025 /* GitHub_APIUITests.swift */,
				F4D280D423D1EFAD004AF025 /* Info.plist */,
			);
			path = "GitHub-APIUITests";
			sourceTree = "<group>";
		};
		F4D280E023D1F02F004AF025 /* Controller */ = {
			isa = PBXGroup;
			children = (
				F4D280B423D1EFAC004AF025 /* ViewController.swift */,
			);
			path = Controller;
			sourceTree = "<group>";
		};
		F4D280E123D1F047004AF025 /* View */ = {
			isa = PBXGroup;
			children = (
				F4D280B623D1EFAC004AF025 /* Main.storyboard */,
				F4B4931E23EDC76D002DC745 /* ListTableViewCell.swift */,
				F4B4931F23EDC76D002DC745 /* ListTableViewCell.xib */,
			);
			path = View;
			sourceTree = "<group>";
		};
		F4D280E223D1F053004AF025 /* Model */ = {
			isa = PBXGroup;
			children = (
				F4D280E523D1F361004AF025 /* DataModel.swift */,
			);
			path = Model;
			sourceTree = "<group>";
		};
/* End PBXGroup section */

/* Begin PBXNativeTarget section */
		F4D280AC23D1EFAC004AF025 /* GitHub-API */ = {
			isa = PBXNativeTarget;
			buildConfigurationList = F4D280D723D1EFAD004AF025 /* Build configuration list for PBXNativeTarget "GitHub-API" */;
			buildPhases = (
				AA0CF9BFA44D77FF4E1AFCE4 /* [CP] Check Pods Manifest.lock */,
				F4D280A923D1EFAC004AF025 /* Sources */,
				F4D280AA23D1EFAC004AF025 /* Frameworks */,
				F4D280AB23D1EFAC004AF025 /* Resources */,
				5BCEDB12CD5C7B9DB6EF6595 /* [CP] Embed Pods Frameworks */,
			);
			buildRules = (
			);
			dependencies = (
			);
			name = "GitHub-API";
			productName = "GitHub-API";
			productReference = F4D280AD23D1EFAC004AF025 /* GitHub-API.app */;
			productType = "com.apple.product-type.application";
		};
		F4D280C223D1EFAD004AF025 /* GitHub-APITests */ = {
			isa = PBXNativeTarget;
			buildConfigurationList = F4D280DA23D1EFAD004AF025 /* Build configuration list for PBXNativeTarget "GitHub-APITests" */;
			buildPhases = (
				88AF742AE94E30D83422B096 /* [CP] Check Pods Manifest.lock */,
				F4D280BF23D1EFAD004AF025 /* Sources */,
				F4D280C023D1EFAD004AF025 /* Frameworks */,
				F4D280C123D1EFAD004AF025 /* Resources */,
				F66EE6807A95488E1A81C460 /* [CP] Embed Pods Frameworks */,
			);
			buildRules = (
			);
			dependencies = (
				F4D280C523D1EFAD004AF025 /* PBXTargetDependency */,
			);
			name = "GitHub-APITests";
			productName = "GitHub-APITests";
			productReference = F4D280C323D1EFAD004AF025 /* GitHub-APITests.xctest */;
			productType = "com.apple.product-type.bundle.unit-test";
		};
		F4D280CD23D1EFAD004AF025 /* GitHub-APIUITests */ = {
			isa = PBXNativeTarget;
			buildConfigurationList = F4D280DD23D1EFAD004AF025 /* Build configuration list for PBXNativeTarget "GitHub-APIUITests" */;
			buildPhases = (
				0A3F5194AB293AA87DEDB9AA /* [CP] Check Pods Manifest.lock */,
				F4D280CA23D1EFAD004AF025 /* Sources */,
				F4D280CB23D1EFAD004AF025 /* Frameworks */,
				F4D280CC23D1EFAD004AF025 /* Resources */,
				5211FE63DF124783A8E0E963 /* [CP] Embed Pods Frameworks */,
			);
			buildRules = (
			);
			dependencies = (
				F4D280D023D1EFAD004AF025 /* PBXTargetDependency */,
			);
			name = "GitHub-APIUITests";
			productName = "GitHub-APIUITests";
			productReference = F4D280CE23D1EFAD004AF025 /* GitHub-APIUITests.xctest */;
			productType = "com.apple.product-type.bundle.ui-testing";
		};
/* End PBXNativeTarget section */

/* Begin PBXProject section */
		F4D280A523D1EFAC004AF025 /* Project object */ = {
			isa = PBXProject;
			attributes = {
				LastSwiftUpdateCheck = 1130;
				LastUpgradeCheck = 1130;
				ORGANIZATIONNAME = "Abdelrhman Eliwa";
				TargetAttributes = {
					F4D280AC23D1EFAC004AF025 = {
						CreatedOnToolsVersion = 11.3.1;
					};
					F4D280C223D1EFAD004AF025 = {
						CreatedOnToolsVersion = 11.3.1;
						TestTargetID = F4D280AC23D1EFAC004AF025;
					};
					F4D280CD23D1EFAD004AF025 = {
						CreatedOnToolsVersion = 11.3.1;
						TestTargetID = F4D280AC23D1EFAC004AF025;
					};
				};
			};
			buildConfigurationList = F4D280A823D1EFAC004AF025 /* Build configuration list for PBXProject "GitHub-API" */;
			compatibilityVersion = "Xcode 9.3";
			developmentRegion = en;
			hasScannedForEncodings = 0;
			knownRegions = (
				en,
				Base,
			);
			mainGroup = F4D280A423D1EFAC004AF025;
			productRefGroup = F4D280AE23D1EFAC004AF025 /* Products */;
			projectDirPath = "";
			projectRoot = "";
			targets = (
				F4D280AC23D1EFAC004AF025 /* GitHub-API */,
				F4D280C223D1EFAD004AF025 /* GitHub-APITests */,
				F4D280CD23D1EFAD004AF025 /* GitHub-APIUITests */,
			);
		};
/* End PBXProject section */

/* Begin PBXResourcesBuildPhase section */
		F4D280AB23D1EFAC004AF025 /* Resources */ = {
			isa = PBXResourcesBuildPhase;
			buildActionMask = 2147483647;
			files = (
				F4D280BD23D1EFAD004AF025 /* LaunchScreen.storyboard in Resources */,
				F4B4932123EDC76D002DC745 /* ListTableViewCell.xib in Resources */,
				F4D280BA23D1EFAD004AF025 /* Assets.xcassets in Resources */,
				F4D280B823D1EFAC004AF025 /* Main.storyboard in Resources */,
			);
			runOnlyForDeploymentPostprocessing = 0;
		};
		F4D280C123D1EFAD004AF025 /* Resources */ = {
			isa = PBXResourcesBuildPhase;
			buildActionMask = 2147483647;
			files = (
			);
			runOnlyForDeploymentPostprocessing = 0;
		};
		F4D280CC23D1EFAD004AF025 /* Resources */ = {
			isa = PBXResourcesBuildPhase;
			buildActionMask = 2147483647;
			files = (
			);
			runOnlyForDeploymentPostprocessing = 0;
		};
/* End PBXResourcesBuildPhase section */

/* Begin PBXShellScriptBuildPhase section */
		0A3F5194AB293AA87DEDB9AA /* [CP] Check Pods Manifest.lock */ = {
			isa = PBXShellScriptBuildPhase;
			buildActionMask = 2147483647;
			files = (
			);
			inputFileListPaths = (
			);
			inputPaths = (
				"${PODS_PODFILE_DIR_PATH}/Podfile.lock",
				"${PODS_ROOT}/Manifest.lock",
			);
			name = "[CP] Check Pods Manifest.lock";
			outputFileListPaths = (
			);
			outputPaths = (
				"$(DERIVED_FILE_DIR)/Pods-GitHub-API-GitHub-APIUITests-checkManifestLockResult.txt",
			);
			runOnlyForDeploymentPostprocessing = 0;
			shellPath = /bin/sh;
			shellScript = "diff \"${PODS_PODFILE_DIR_PATH}/Podfile.lock\" \"${PODS_ROOT}/Manifest.lock\" > /dev/null\nif [ $? != 0 ] ; then\n    # print error to STDERR\n    echo \"error: The sandbox is not in sync with the Podfile.lock. Run 'pod install' or update your CocoaPods installation.\" >&2\n    exit 1\nfi\n# This output is used by Xcode 'outputs' to avoid re-running this script phase.\necho \"SUCCESS\" > \"${SCRIPT_OUTPUT_FILE_0}\"\n";
			showEnvVarsInLog = 0;
		};
		5211FE63DF124783A8E0E963 /* [CP] Embed Pods Frameworks */ = {
			isa = PBXShellScriptBuildPhase;
			buildActionMask = 2147483647;
			files = (
			);
			inputFileListPaths = (
				"${PODS_ROOT}/Target Support Files/Pods-GitHub-API-GitHub-APIUITests/Pods-GitHub-API-GitHub-APIUITests-frameworks-${CONFIGURATION}-input-files.xcfilelist",
			);
			name = "[CP] Embed Pods Frameworks";
			outputFileListPaths = (
				"${PODS_ROOT}/Target Support Files/Pods-GitHub-API-GitHub-APIUITests/Pods-GitHub-API-GitHub-APIUITests-frameworks-${CONFIGURATION}-output-files.xcfilelist",
			);
			runOnlyForDeploymentPostprocessing = 0;
			shellPath = /bin/sh;
			shellScript = "\"${PODS_ROOT}/Target Support Files/Pods-GitHub-API-GitHub-APIUITests/Pods-GitHub-API-GitHub-APIUITests-frameworks.sh\"\n";
			showEnvVarsInLog = 0;
		};
		5BCEDB12CD5C7B9DB6EF6595 /* [CP] Embed Pods Frameworks */ = {
			isa = PBXShellScriptBuildPhase;
			buildActionMask = 2147483647;
			files = (
			);
			inputFileListPaths = (
				"${PODS_ROOT}/Target Support Files/Pods-GitHub-API/Pods-GitHub-API-frameworks-${CONFIGURATION}-input-files.xcfilelist",
			);
			name = "[CP] Embed Pods Frameworks";
			outputFileListPaths = (
				"${PODS_ROOT}/Target Support Files/Pods-GitHub-API/Pods-GitHub-API-frameworks-${CONFIGURATION}-output-files.xcfilelist",
			);
			runOnlyForDeploymentPostprocessing = 0;
			shellPath = /bin/sh;
			shellScript = "\"${PODS_ROOT}/Target Support Files/Pods-GitHub-API/Pods-GitHub-API-frameworks.sh\"\n";
			showEnvVarsInLog = 0;
		};
		88AF742AE94E30D83422B096 /* [CP] Check Pods Manifest.lock */ = {
			isa = PBXShellScriptBuildPhase;
			buildActionMask = 2147483647;
			files = (
			);
			inputFileListPaths = (
			);
			inputPaths = (
				"${PODS_PODFILE_DIR_PATH}/Podfile.lock",
				"${PODS_ROOT}/Manifest.lock",
			);
			name = "[CP] Check Pods Manifest.lock";
			outputFileListPaths = (
			);
			outputPaths = (
				"$(DERIVED_FILE_DIR)/Pods-GitHub-APITests-checkManifestLockResult.txt",
			);
			runOnlyForDeploymentPostprocessing = 0;
			shellPath = /bin/sh;
			shellScript = "diff \"${PODS_PODFILE_DIR_PATH}/Podfile.lock\" \"${PODS_ROOT}/Manifest.lock\" > /dev/null\nif [ $? != 0 ] ; then\n    # print error to STDERR\n    echo \"error: The sandbox is not in sync with the Podfile.lock. Run 'pod install' or update your CocoaPods installation.\" >&2\n    exit 1\nfi\n# This output is used by Xcode 'outputs' to avoid re-running this script phase.\necho \"SUCCESS\" > \"${SCRIPT_OUTPUT_FILE_0}\"\n";
			showEnvVarsInLog = 0;
		};
		AA0CF9BFA44D77FF4E1AFCE4 /* [CP] Check Pods Manifest.lock */ = {
			isa = PBXShellScriptBuildPhase;
			buildActionMask = 2147483647;
			files = (
			);
			inputFileListPaths = (
			);
			inputPaths = (
				"${PODS_PODFILE_DIR_PATH}/Podfile.lock",
				"${PODS_ROOT}/Manifest.lock",
			);
			name = "[CP] Check Pods Manifest.lock";
			outputFileListPaths = (
			);
			outputPaths = (
				"$(DERIVED_FILE_DIR)/Pods-GitHub-API-checkManifestLockResult.txt",
			);
			runOnlyForDeploymentPostprocessing = 0;
			shellPath = /bin/sh;
			shellScript = "diff \"${PODS_PODFILE_DIR_PATH}/Podfile.lock\" \"${PODS_ROOT}/Manifest.lock\" > /dev/null\nif [ $? != 0 ] ; then\n    # print error to STDERR\n    echo \"error: The sandbox is not in sync with the Podfile.lock. Run 'pod install' or update your CocoaPods installation.\" >&2\n    exit 1\nfi\n# This output is used by Xcode 'outputs' to avoid re-running this script phase.\necho \"SUCCESS\" > \"${SCRIPT_OUTPUT_FILE_0}\"\n";
			showEnvVarsInLog = 0;
		};
		F66EE6807A95488E1A81C460 /* [CP] Embed Pods Frameworks */ = {
			isa = PBXShellScriptBuildPhase;
			buildActionMask = 2147483647;
			files = (
			);
			inputFileListPaths = (
				"${PODS_ROOT}/Target Support Files/Pods-GitHub-APITests/Pods-GitHub-APITests-frameworks-${CONFIGURATION}-input-files.xcfilelist",
			);
			name = "[CP] Embed Pods Frameworks";
			outputFileListPaths = (
				"${PODS_ROOT}/Target Support Files/Pods-GitHub-APITests/Pods-GitHub-APITests-frameworks-${CONFIGURATION}-output-files.xcfilelist",
			);
			runOnlyForDeploymentPostprocessing = 0;
			shellPath = /bin/sh;
			shellScript = "\"${PODS_ROOT}/Target Support Files/Pods-GitHub-APITests/Pods-GitHub-APITests-frameworks.sh\"\n";
			showEnvVarsInLog = 0;
		};
/* End PBXShellScriptBuildPhase section */

/* Begin PBXSourcesBuildPhase section */
		F4D280A923D1EFAC004AF025 /* Sources */ = {
			isa = PBXSourcesBuildPhase;
			buildActionMask = 2147483647;
			files = (
				F4B4932023EDC76D002DC745 /* ListTableViewCell.swift in Sources */,
				F4D280E623D1F361004AF025 /* DataModel.swift in Sources */,
				F4D280B523D1EFAC004AF025 /* ViewController.swift in Sources */,
				F4D280B123D1EFAC004AF025 /* AppDelegate.swift in Sources */,
				F4B4932623EDE94E002DC745 /* EndPointRouter.swift in Sources */,
				F465B06A23DD31FB004734C2 /* DataManager.swift in Sources */,
				F4D280E423D1F07A004AF025 /* GitHubDataManager.swift in Sources */,
				F4D280B323D1EFAC004AF025 /* SceneDelegate.swift in Sources */,
				F4B4932423EDE903002DC745 /* APIEnvironmentParh.swift in Sources */,
			);
			runOnlyForDeploymentPostprocessing = 0;
		};
		F4D280BF23D1EFAD004AF025 /* Sources */ = {
			isa = PBXSourcesBuildPhase;
			buildActionMask = 2147483647;
			files = (
				F4D280C823D1EFAD004AF025 /* GitHub_APITests.swift in Sources */,
			);
			runOnlyForDeploymentPostprocessing = 0;
		};
		F4D280CA23D1EFAD004AF025 /* Sources */ = {
			isa = PBXSourcesBuildPhase;
			buildActionMask = 2147483647;
			files = (
				F4D280D323D1EFAD004AF025 /* GitHub_APIUITests.swift in Sources */,
			);
			runOnlyForDeploymentPostprocessing = 0;
		};
/* End PBXSourcesBuildPhase section */

/* Begin PBXTargetDependency section */
		F4D280C523D1EFAD004AF025 /* PBXTargetDependency */ = {
			isa = PBXTargetDependency;
			target = F4D280AC23D1EFAC004AF025 /* GitHub-API */;
			targetProxy = F4D280C423D1EFAD004AF025 /* PBXContainerItemProxy */;
		};
		F4D280D023D1EFAD004AF025 /* PBXTargetDependency */ = {
			isa = PBXTargetDependency;
			target = F4D280AC23D1EFAC004AF025 /* GitHub-API */;
			targetProxy = F4D280CF23D1EFAD004AF025 /* PBXContainerItemProxy */;
		};
/* End PBXTargetDependency section */

/* Begin PBXVariantGroup section */
		F4D280B623D1EFAC004AF025 /* Main.storyboard */ = {
			isa = PBXVariantGroup;
			children = (
				F4D280B723D1EFAC004AF025 /* Base */,
			);
			name = Main.storyboard;
			sourceTree = "<group>";
		};
		F4D280BB23D1EFAD004AF025 /* LaunchScreen.storyboard */ = {
			isa = PBXVariantGroup;
			children = (
				F4D280BC23D1EFAD004AF025 /* Base */,
			);
			name = LaunchScreen.storyboard;
			sourceTree = "<group>";
		};
/* End PBXVariantGroup section */

/* Begin XCBuildConfiguration section */
		F4D280D523D1EFAD004AF025 /* Debug */ = {
			isa = XCBuildConfiguration;
			buildSettings = {
				ALWAYS_SEARCH_USER_PATHS = NO;
				CLANG_ANALYZER_NONNULL = YES;
				CLANG_ANALYZER_NUMBER_OBJECT_CONVERSION = YES_AGGRESSIVE;
				CLANG_CXX_LANGUAGE_STANDARD = "gnu++14";
				CLANG_CXX_LIBRARY = "libc++";
				CLANG_ENABLE_MODULES = YES;
				CLANG_ENABLE_OBJC_ARC = YES;
				CLANG_ENABLE_OBJC_WEAK = YES;
				CLANG_WARN_BLOCK_CAPTURE_AUTORELEASING = YES;
				CLANG_WARN_BOOL_CONVERSION = YES;
				CLANG_WARN_COMMA = YES;
				CLANG_WARN_CONSTANT_CONVERSION = YES;
				CLANG_WARN_DEPRECATED_OBJC_IMPLEMENTATIONS = YES;
				CLANG_WARN_DIRECT_OBJC_ISA_USAGE = YES_ERROR;
				CLANG_WARN_DOCUMENTATION_COMMENTS = YES;
				CLANG_WARN_EMPTY_BODY = YES;
				CLANG_WARN_ENUM_CONVERSION = YES;
				CLANG_WARN_INFINITE_RECURSION = YES;
				CLANG_WARN_INT_CONVERSION = YES;
				CLANG_WARN_NON_LITERAL_NULL_CONVERSION = YES;
				CLANG_WARN_OBJC_IMPLICIT_RETAIN_SELF = YES;
				CLANG_WARN_OBJC_LITERAL_CONVERSION = YES;
				CLANG_WARN_OBJC_ROOT_CLASS = YES_ERROR;
				CLANG_WARN_RANGE_LOOP_ANALYSIS = YES;
				CLANG_WARN_STRICT_PROTOTYPES = YES;
				CLANG_WARN_SUSPICIOUS_MOVE = YES;
				CLANG_WARN_UNGUARDED_AVAILABILITY = YES_AGGRESSIVE;
				CLANG_WARN_UNREACHABLE_CODE = YES;
				CLANG_WARN__DUPLICATE_METHOD_MATCH = YES;
				COPY_PHASE_STRIP = NO;
				DEBUG_INFORMATION_FORMAT = dwarf;
				ENABLE_STRICT_OBJC_MSGSEND = YES;
				ENABLE_TESTABILITY = YES;
				GCC_C_LANGUAGE_STANDARD = gnu11;
				GCC_DYNAMIC_NO_PIC = NO;
				GCC_NO_COMMON_BLOCKS = YES;
				GCC_OPTIMIZATION_LEVEL = 0;
				GCC_PREPROCESSOR_DEFINITIONS = (
					"DEBUG=1",
					"$(inherited)",
				);
				GCC_WARN_64_TO_32_BIT_CONVERSION = YES;
				GCC_WARN_ABOUT_RETURN_TYPE = YES_ERROR;
				GCC_WARN_UNDECLARED_SELECTOR = YES;
				GCC_WARN_UNINITIALIZED_AUTOS = YES_AGGRESSIVE;
				GCC_WARN_UNUSED_FUNCTION = YES;
				GCC_WARN_UNUSED_VARIABLE = YES;
				IPHONEOS_DEPLOYMENT_TARGET = 13.2;
				MTL_ENABLE_DEBUG_INFO = INCLUDE_SOURCE;
				MTL_FAST_MATH = YES;
				ONLY_ACTIVE_ARCH = YES;
				SDKROOT = iphoneos;
				SWIFT_ACTIVE_COMPILATION_CONDITIONS = DEBUG;
				SWIFT_OPTIMIZATION_LEVEL = "-Onone";
			};
			name = Debug;
		};
		F4D280D623D1EFAD004AF025 /* Release */ = {
			isa = XCBuildConfiguration;
			buildSettings = {
				ALWAYS_SEARCH_USER_PATHS = NO;
				CLANG_ANALYZER_NONNULL = YES;
				CLANG_ANALYZER_NUMBER_OBJECT_CONVERSION = YES_AGGRESSIVE;
				CLANG_CXX_LANGUAGE_STANDARD = "gnu++14";
				CLANG_CXX_LIBRARY = "libc++";
				CLANG_ENABLE_MODULES = YES;
				CLANG_ENABLE_OBJC_ARC = YES;
				CLANG_ENABLE_OBJC_WEAK = YES;
				CLANG_WARN_BLOCK_CAPTURE_AUTORELEASING = YES;
				CLANG_WARN_BOOL_CONVERSION = YES;
				CLANG_WARN_COMMA = YES;
				CLANG_WARN_CONSTANT_CONVERSION = YES;
				CLANG_WARN_DEPRECATED_OBJC_IMPLEMENTATIONS = YES;
				CLANG_WARN_DIRECT_OBJC_ISA_USAGE = YES_ERROR;
				CLANG_WARN_DOCUMENTATION_COMMENTS = YES;
				CLANG_WARN_EMPTY_BODY = YES;
				CLANG_WARN_ENUM_CONVERSION = YES;
				CLANG_WARN_INFINITE_RECURSION = YES;
				CLANG_WARN_INT_CONVERSION = YES;
				CLANG_WARN_NON_LITERAL_NULL_CONVERSION = YES;
				CLANG_WARN_OBJC_IMPLICIT_RETAIN_SELF = YES;
				CLANG_WARN_OBJC_LITERAL_CONVERSION = YES;
				CLANG_WARN_OBJC_ROOT_CLASS = YES_ERROR;
				CLANG_WARN_RANGE_LOOP_ANALYSIS = YES;
				CLANG_WARN_STRICT_PROTOTYPES = YES;
				CLANG_WARN_SUSPICIOUS_MOVE = YES;
				CLANG_WARN_UNGUARDED_AVAILABILITY = YES_AGGRESSIVE;
				CLANG_WARN_UNREACHABLE_CODE = YES;
				CLANG_WARN__DUPLICATE_METHOD_MATCH = YES;
				COPY_PHASE_STRIP = NO;
				DEBUG_INFORMATION_FORMAT = "dwarf-with-dsym";
				ENABLE_NS_ASSERTIONS = NO;
				ENABLE_STRICT_OBJC_MSGSEND = YES;
				GCC_C_LANGUAGE_STANDARD = gnu11;
				GCC_NO_COMMON_BLOCKS = YES;
				GCC_WARN_64_TO_32_BIT_CONVERSION = YES;
				GCC_WARN_ABOUT_RETURN_TYPE = YES_ERROR;
				GCC_WARN_UNDECLARED_SELECTOR = YES;
				GCC_WARN_UNINITIALIZED_AUTOS = YES_AGGRESSIVE;
				GCC_WARN_UNUSED_FUNCTION = YES;
				GCC_WARN_UNUSED_VARIABLE = YES;
				IPHONEOS_DEPLOYMENT_TARGET = 13.2;
				MTL_ENABLE_DEBUG_INFO = NO;
				MTL_FAST_MATH = YES;
				SDKROOT = iphoneos;
				SWIFT_COMPILATION_MODE = wholemodule;
				SWIFT_OPTIMIZATION_LEVEL = "-O";
				VALIDATE_PRODUCT = YES;
			};
			name = Release;
		};
		F4D280D823D1EFAD004AF025 /* Debug */ = {
			isa = XCBuildConfiguration;
			baseConfigurationReference = 8BFB2CA50089D83C139A7CB6 /* Pods-GitHub-API.debug.xcconfig */;
			buildSettings = {
				ASSETCATALOG_COMPILER_APPICON_NAME = AppIcon;
				CODE_SIGN_STYLE = Automatic;
				DEVELOPMENT_TEAM = B39DQ9LWFN;
				INFOPLIST_FILE = "$(SRCROOT)/GitHub-API/Configurations/Info.plist";
				LD_RUNPATH_SEARCH_PATHS = (
					"$(inherited)",
					"@executable_path/Frameworks",
				);
				PRODUCT_BUNDLE_IDENTIFIER = "abdelrhmankamaleliwa.GitHub-API";
				PRODUCT_NAME = "$(TARGET_NAME)";
				SWIFT_VERSION = 5.0;
				TARGETED_DEVICE_FAMILY = "1,2";
			};
			name = Debug;
		};
		F4D280D923D1EFAD004AF025 /* Release */ = {
			isa = XCBuildConfiguration;
			baseConfigurationReference = 5B5538276BAF0656C275B101 /* Pods-GitHub-API.release.xcconfig */;
			buildSettings = {
				ASSETCATALOG_COMPILER_APPICON_NAME = AppIcon;
				CODE_SIGN_STYLE = Automatic;
				DEVELOPMENT_TEAM = B39DQ9LWFN;
				INFOPLIST_FILE = "$(SRCROOT)/GitHub-API/Configurations/Info.plist";
				LD_RUNPATH_SEARCH_PATHS = (
					"$(inherited)",
					"@executable_path/Frameworks",
				);
				PRODUCT_BUNDLE_IDENTIFIER = "abdelrhmankamaleliwa.GitHub-API";
				PRODUCT_NAME = "$(TARGET_NAME)";
				SWIFT_VERSION = 5.0;
				TARGETED_DEVICE_FAMILY = "1,2";
			};
			name = Release;
		};
		F4D280DB23D1EFAD004AF025 /* Debug */ = {
			isa = XCBuildConfiguration;
			baseConfigurationReference = 071CF09E6DE08C258410A656 /* Pods-GitHub-APITests.debug.xcconfig */;
			buildSettings = {
				ALWAYS_EMBED_SWIFT_STANDARD_LIBRARIES = YES;
				BUNDLE_LOADER = "$(TEST_HOST)";
				CODE_SIGN_STYLE = Automatic;
				DEVELOPMENT_TEAM = B39DQ9LWFN;
				INFOPLIST_FILE = "GitHub-APITests/Info.plist";
				IPHONEOS_DEPLOYMENT_TARGET = 13.2;
				LD_RUNPATH_SEARCH_PATHS = (
					"$(inherited)",
					"@executable_path/Frameworks",
					"@loader_path/Frameworks",
				);
				PRODUCT_BUNDLE_IDENTIFIER = "abdelrhmankamaleliwa.GitHub-APITests";
				PRODUCT_NAME = "$(TARGET_NAME)";
				SWIFT_VERSION = 5.0;
				TARGETED_DEVICE_FAMILY = "1,2";
				TEST_HOST = "$(BUILT_PRODUCTS_DIR)/GitHub-API.app/GitHub-API";
			};
			name = Debug;
		};
		F4D280DC23D1EFAD004AF025 /* Release */ = {
			isa = XCBuildConfiguration;
			baseConfigurationReference = 0A2E16B450B648DDB347D84F /* Pods-GitHub-APITests.release.xcconfig */;
			buildSettings = {
				ALWAYS_EMBED_SWIFT_STANDARD_LIBRARIES = YES;
				BUNDLE_LOADER = "$(TEST_HOST)";
				CODE_SIGN_STYLE = Automatic;
				DEVELOPMENT_TEAM = B39DQ9LWFN;
				INFOPLIST_FILE = "GitHub-APITests/Info.plist";
				IPHONEOS_DEPLOYMENT_TARGET = 13.2;
				LD_RUNPATH_SEARCH_PATHS = (
					"$(inherited)",
					"@executable_path/Frameworks",
					"@loader_path/Frameworks",
				);
				PRODUCT_BUNDLE_IDENTIFIER = "abdelrhmankamaleliwa.GitHub-APITests";
				PRODUCT_NAME = "$(TARGET_NAME)";
				SWIFT_VERSION = 5.0;
				TARGETED_DEVICE_FAMILY = "1,2";
				TEST_HOST = "$(BUILT_PRODUCTS_DIR)/GitHub-API.app/GitHub-API";
			};
			name = Release;
		};
		F4D280DE23D1EFAD004AF025 /* Debug */ = {
			isa = XCBuildConfiguration;
			baseConfigurationReference = E0F5F7C72794F2341AED5585 /* Pods-GitHub-API-GitHub-APIUITests.debug.xcconfig */;
			buildSettings = {
				ALWAYS_EMBED_SWIFT_STANDARD_LIBRARIES = YES;
				CODE_SIGN_STYLE = Automatic;
				DEVELOPMENT_TEAM = B39DQ9LWFN;
				INFOPLIST_FILE = "GitHub-APIUITests/Info.plist";
				LD_RUNPATH_SEARCH_PATHS = (
					"$(inherited)",
					"@executable_path/Frameworks",
					"@loader_path/Frameworks",
				);
				PRODUCT_BUNDLE_IDENTIFIER = "abdelrhmankamaleliwa.GitHub-APIUITests";
				PRODUCT_NAME = "$(TARGET_NAME)";
				SWIFT_VERSION = 5.0;
				TARGETED_DEVICE_FAMILY = "1,2";
				TEST_TARGET_NAME = "GitHub-API";
			};
			name = Debug;
		};
		F4D280DF23D1EFAD004AF025 /* Release */ = {
			isa = XCBuildConfiguration;
			baseConfigurationReference = 998DADF8D76EF0BBEC1E3F32 /* Pods-GitHub-API-GitHub-APIUITests.release.xcconfig */;
			buildSettings = {
				ALWAYS_EMBED_SWIFT_STANDARD_LIBRARIES = YES;
				CODE_SIGN_STYLE = Automatic;
				DEVELOPMENT_TEAM = B39DQ9LWFN;
				INFOPLIST_FILE = "GitHub-APIUITests/Info.plist";
				LD_RUNPATH_SEARCH_PATHS = (
					"$(inherited)",
					"@executable_path/Frameworks",
					"@loader_path/Frameworks",
				);
				PRODUCT_BUNDLE_IDENTIFIER = "abdelrhmankamaleliwa.GitHub-APIUITests";
				PRODUCT_NAME = "$(TARGET_NAME)";
				SWIFT_VERSION = 5.0;
				TARGETED_DEVICE_FAMILY = "1,2";
				TEST_TARGET_NAME = "GitHub-API";
			};
			name = Release;
		};
/* End XCBuildConfiguration section */

/* Begin XCConfigurationList section */
		F4D280A823D1EFAC004AF025 /* Build configuration list for PBXProject "GitHub-API" */ = {
			isa = XCConfigurationList;
			buildConfigurations = (
				F4D280D523D1EFAD004AF025 /* Debug */,
				F4D280D623D1EFAD004AF025 /* Release */,
			);
			defaultConfigurationIsVisible = 0;
			defaultConfigurationName = Release;
		};
		F4D280D723D1EFAD004AF025 /* Build configuration list for PBXNativeTarget "GitHub-API" */ = {
			isa = XCConfigurationList;
			buildConfigurations = (
				F4D280D823D1EFAD004AF025 /* Debug */,
				F4D280D923D1EFAD004AF025 /* Release */,
			);
			defaultConfigurationIsVisible = 0;
			defaultConfigurationName = Release;
		};
		F4D280DA23D1EFAD004AF025 /* Build configuration list for PBXNativeTarget "GitHub-APITests" */ = {
			isa = XCConfigurationList;
			buildConfigurations = (
				F4D280DB23D1EFAD004AF025 /* Debug */,
				F4D280DC23D1EFAD004AF025 /* Release */,
			);
			defaultConfigurationIsVisible = 0;
			defaultConfigurationName = Release;
		};
		F4D280DD23D1EFAD004AF025 /* Build configuration list for PBXNativeTarget "GitHub-APIUITests" */ = {
			isa = XCConfigurationList;
			buildConfigurations = (
				F4D280DE23D1EFAD004AF025 /* Debug */,
				F4D280DF23D1EFAD004AF025 /* Release */,
			);
			defaultConfigurationIsVisible = 0;
			defaultConfigurationName = Release;
		};
/* End XCConfigurationList section */
	};
	rootObject = F4D280A523D1EFAC004AF025 /* Project object */;
}
